// !$*UTF8*$!
{
	archiveVersion = 1;
	classes = {
	};
	objectVersion = 56;
	objects = {

/* Begin PBXBuildFile section */
		348154063B7EC5B661F9D986 /* Pods_TheWeather.framework in Frameworks */ = {isa = PBXBuildFile; fileRef = BF9A153D27678E50E8DDBFE3 /* Pods_TheWeather.framework */; };
		EF538AA129929DF600D0317B /* AppDelegate.swift in Sources */ = {isa = PBXBuildFile; fileRef = EF538AA029929DF600D0317B /* AppDelegate.swift */; };
		EF538AA329929DF600D0317B /* SceneDelegate.swift in Sources */ = {isa = PBXBuildFile; fileRef = EF538AA229929DF600D0317B /* SceneDelegate.swift */; };
		EF538AA529929DF600D0317B /* ListTableViewController.swift in Sources */ = {isa = PBXBuildFile; fileRef = EF538AA429929DF600D0317B /* ListTableViewController.swift */; };
		EF538AAA29929DF700D0317B /* Assets.xcassets in Resources */ = {isa = PBXBuildFile; fileRef = EF538AA929929DF700D0317B /* Assets.xcassets */; };
		EF538AAD29929DF700D0317B /* LaunchScreen.storyboard in Resources */ = {isa = PBXBuildFile; fileRef = EF538AAB29929DF700D0317B /* LaunchScreen.storyboard */; };
		EF538AB52992BE3900D0317B /* ListTableViewCell.swift in Sources */ = {isa = PBXBuildFile; fileRef = EF538AB42992BE3900D0317B /* ListTableViewCell.swift */; };
		EF538ABC2992C01200D0317B /* UILabel + ext.swift in Sources */ = {isa = PBXBuildFile; fileRef = EF538ABB2992C01200D0317B /* UILabel + ext.swift */; };
		EF538AC02992C18400D0317B /* UIStackVIew + ext.swift in Sources */ = {isa = PBXBuildFile; fileRef = EF538ABF2992C18400D0317B /* UIStackVIew + ext.swift */; };
		EF7A7D8E2993985600DDBE63 /* DescriptionViewController.swift in Sources */ = {isa = PBXBuildFile; fileRef = EF7A7D8D2993985600DDBE63 /* DescriptionViewController.swift */; };
		EF7A7D922993F0E900DDBE63 /* Constant.swift in Sources */ = {isa = PBXBuildFile; fileRef = EF7A7D912993F0E900DDBE63 /* Constant.swift */; };
		EF7A7D952993F28400DDBE63 /* NetworkWeatherManager.swift in Sources */ = {isa = PBXBuildFile; fileRef = EF7A7D942993F28400DDBE63 /* NetworkWeatherManager.swift */; };
		EF7A7D982993F3D600DDBE63 /* WeatherData.swift in Sources */ = {isa = PBXBuildFile; fileRef = EF7A7D972993F3D600DDBE63 /* WeatherData.swift */; };
		EF7A7D9A2993F89800DDBE63 /* TheWeatherModel.swift in Sources */ = {isa = PBXBuildFile; fileRef = EF7A7D992993F89800DDBE63 /* TheWeatherModel.swift */; };
		EF7A7D9C2995127B00DDBE63 /* GetCitiesWeather.swift in Sources */ = {isa = PBXBuildFile; fileRef = EF7A7D9B2995127B00DDBE63 /* GetCitiesWeather.swift */; };
/* End PBXBuildFile section */

/* Begin PBXFileReference section */
		1F5CB021BC313FB5DED4A0BC /* Pods-TheWeather.debug.xcconfig */ = {isa = PBXFileReference; includeInIndex = 1; lastKnownFileType = text.xcconfig; name = "Pods-TheWeather.debug.xcconfig"; path = "Target Support Files/Pods-TheWeather/Pods-TheWeather.debug.xcconfig"; sourceTree = "<group>"; };
		325727C08FE898D8746B468E /* Pods-TheWeather.release.xcconfig */ = {isa = PBXFileReference; includeInIndex = 1; lastKnownFileType = text.xcconfig; name = "Pods-TheWeather.release.xcconfig"; path = "Target Support Files/Pods-TheWeather/Pods-TheWeather.release.xcconfig"; sourceTree = "<group>"; };
		BF9A153D27678E50E8DDBFE3 /* Pods_TheWeather.framework */ = {isa = PBXFileReference; explicitFileType = wrapper.framework; includeInIndex = 0; path = Pods_TheWeather.framework; sourceTree = BUILT_PRODUCTS_DIR; };
		EF538A9D29929DF600D0317B /* TheWeather.app */ = {isa = PBXFileReference; explicitFileType = wrapper.application; includeInIndex = 0; path = TheWeather.app; sourceTree = BUILT_PRODUCTS_DIR; };
		EF538AA029929DF600D0317B /* AppDelegate.swift */ = {isa = PBXFileReference; lastKnownFileType = sourcecode.swift; path = AppDelegate.swift; sourceTree = "<group>"; };
		EF538AA229929DF600D0317B /* SceneDelegate.swift */ = {isa = PBXFileReference; lastKnownFileType = sourcecode.swift; path = SceneDelegate.swift; sourceTree = "<group>"; };
		EF538AA429929DF600D0317B /* ListTableViewController.swift */ = {isa = PBXFileReference; lastKnownFileType = sourcecode.swift; path = ListTableViewController.swift; sourceTree = "<group>"; };
		EF538AA929929DF700D0317B /* Assets.xcassets */ = {isa = PBXFileReference; lastKnownFileType = folder.assetcatalog; path = Assets.xcassets; sourceTree = "<group>"; };
		EF538AAC29929DF700D0317B /* Base */ = {isa = PBXFileReference; lastKnownFileType = file.storyboard; name = Base; path = Base.lproj/LaunchScreen.storyboard; sourceTree = "<group>"; };
		EF538AAE29929DF700D0317B /* Info.plist */ = {isa = PBXFileReference; lastKnownFileType = text.plist.xml; path = Info.plist; sourceTree = "<group>"; };
		EF538AB42992BE3900D0317B /* ListTableViewCell.swift */ = {isa = PBXFileReference; lastKnownFileType = sourcecode.swift; path = ListTableViewCell.swift; sourceTree = "<group>"; };
		EF538ABB2992C01200D0317B /* UILabel + ext.swift */ = {isa = PBXFileReference; lastKnownFileType = sourcecode.swift; path = "UILabel + ext.swift"; sourceTree = "<group>"; };
		EF538ABF2992C18400D0317B /* UIStackVIew + ext.swift */ = {isa = PBXFileReference; lastKnownFileType = sourcecode.swift; path = "UIStackVIew + ext.swift"; sourceTree = "<group>"; };
		EF7A7D8D2993985600DDBE63 /* DescriptionViewController.swift */ = {isa = PBXFileReference; lastKnownFileType = sourcecode.swift; path = DescriptionViewController.swift; sourceTree = "<group>"; };
		EF7A7D912993F0E900DDBE63 /* Constant.swift */ = {isa = PBXFileReference; lastKnownFileType = sourcecode.swift; path = Constant.swift; sourceTree = "<group>"; };
		EF7A7D942993F28400DDBE63 /* NetworkWeatherManager.swift */ = {isa = PBXFileReference; lastKnownFileType = sourcecode.swift; path = NetworkWeatherManager.swift; sourceTree = "<group>"; };
		EF7A7D972993F3D600DDBE63 /* WeatherData.swift */ = {isa = PBXFileReference; lastKnownFileType = sourcecode.swift; path = WeatherData.swift; sourceTree = "<group>"; };
		EF7A7D992993F89800DDBE63 /* TheWeatherModel.swift */ = {isa = PBXFileReference; lastKnownFileType = sourcecode.swift; path = TheWeatherModel.swift; sourceTree = "<group>"; };
		EF7A7D9B2995127B00DDBE63 /* GetCitiesWeather.swift */ = {isa = PBXFileReference; lastKnownFileType = sourcecode.swift; path = GetCitiesWeather.swift; sourceTree = "<group>"; };
/* End PBXFileReference section */

/* Begin PBXFrameworksBuildPhase section */
		EF538A9A29929DF600D0317B /* Frameworks */ = {
			isa = PBXFrameworksBuildPhase;
			buildActionMask = 2147483647;
			files = (
				348154063B7EC5B661F9D986 /* Pods_TheWeather.framework in Frameworks */,
			);
			runOnlyForDeploymentPostprocessing = 0;
		};
/* End PBXFrameworksBuildPhase section */

/* Begin PBXGroup section */
		B12A8199F745A02B41266D60 /* Frameworks */ = {
			isa = PBXGroup;
			children = (
				BF9A153D27678E50E8DDBFE3 /* Pods_TheWeather.framework */,
			);
			name = Frameworks;
			sourceTree = "<group>";
		};
		BAF4007167B3652F24864976 /* Pods */ = {
			isa = PBXGroup;
			children = (
				1F5CB021BC313FB5DED4A0BC /* Pods-TheWeather.debug.xcconfig */,
				325727C08FE898D8746B468E /* Pods-TheWeather.release.xcconfig */,
			);
			name = Pods;
			path = Pods;
			sourceTree = "<group>";
		};
		EF538A9429929DF600D0317B = {
			isa = PBXGroup;
			children = (
				EF538A9F29929DF600D0317B /* TheWeather */,
				EF538A9E29929DF600D0317B /* Products */,
				BAF4007167B3652F24864976 /* Pods */,
				B12A8199F745A02B41266D60 /* Frameworks */,
			);
			sourceTree = "<group>";
		};
		EF538A9E29929DF600D0317B /* Products */ = {
			isa = PBXGroup;
			children = (
				EF538A9D29929DF600D0317B /* TheWeather.app */,
			);
			name = Products;
			sourceTree = "<group>";
		};
		EF538A9F29929DF600D0317B /* TheWeather */ = {
			isa = PBXGroup;
			children = (
				EF538AB62992BF5100D0317B /* Application */,
				EF7A7D962993F3B600DDBE63 /* Models */,
				EF538AB72992BF6200D0317B /* Cell */,
				EF538AB82992BF7200D0317B /* Controller */,
				EF538ABA2992BFEF00D0317B /* Extansion */,
				EF7A7D932993F12C00DDBE63 /* Network */,
				EF538AB92992BF7E00D0317B /* SupportingFiles */,
			);
			path = TheWeather;
			sourceTree = "<group>";
		};
		EF538AB62992BF5100D0317B /* Application */ = {
			isa = PBXGroup;
			children = (
				EF538AA029929DF600D0317B /* AppDelegate.swift */,
				EF538AA229929DF600D0317B /* SceneDelegate.swift */,
			);
			path = Application;
			sourceTree = "<group>";
		};
		EF538AB72992BF6200D0317B /* Cell */ = {
			isa = PBXGroup;
			children = (
				EF538AB42992BE3900D0317B /* ListTableViewCell.swift */,
			);
			path = Cell;
			sourceTree = "<group>";
		};
		EF538AB82992BF7200D0317B /* Controller */ = {
			isa = PBXGroup;
			children = (
				EF538AA429929DF600D0317B /* ListTableViewController.swift */,
				EF7A7D8D2993985600DDBE63 /* DescriptionViewController.swift */,
			);
			path = Controller;
			sourceTree = "<group>";
		};
		EF538AB92992BF7E00D0317B /* SupportingFiles */ = {
			isa = PBXGroup;
			children = (
				EF538AA929929DF700D0317B /* Assets.xcassets */,
				EF538AAB29929DF700D0317B /* LaunchScreen.storyboard */,
				EF538AAE29929DF700D0317B /* Info.plist */,
			);
			path = SupportingFiles;
			sourceTree = "<group>";
		};
		EF538ABA2992BFEF00D0317B /* Extansion */ = {
			isa = PBXGroup;
			children = (
				EF538ABB2992C01200D0317B /* UILabel + ext.swift */,
				EF538ABF2992C18400D0317B /* UIStackVIew + ext.swift */,
			);
			path = Extansion;
			sourceTree = "<group>";
		};
		EF7A7D932993F12C00DDBE63 /* Network */ = {
			isa = PBXGroup;
			children = (
				EF7A7D942993F28400DDBE63 /* NetworkWeatherManager.swift */,
				EF7A7D912993F0E900DDBE63 /* Constant.swift */,
			);
			path = Network;
			sourceTree = "<group>";
		};
		EF7A7D962993F3B600DDBE63 /* Models */ = {
			isa = PBXGroup;
			children = (
				EF7A7D972993F3D600DDBE63 /* WeatherData.swift */,
				EF7A7D992993F89800DDBE63 /* TheWeatherModel.swift */,
				EF7A7D9B2995127B00DDBE63 /* GetCitiesWeather.swift */,
			);
			path = Models;
			sourceTree = "<group>";
		};
/* End PBXGroup section */

/* Begin PBXNativeTarget section */
		EF538A9C29929DF600D0317B /* TheWeather */ = {
			isa = PBXNativeTarget;
			buildConfigurationList = EF538AB129929DF700D0317B /* Build configuration list for PBXNativeTarget "TheWeather" */;
			buildPhases = (
				047581AA018FDC8E8D6DEF05 /* [CP] Check Pods Manifest.lock */,
				EF538A9929929DF600D0317B /* Sources */,
				EF538A9A29929DF600D0317B /* Frameworks */,
				EF538A9B29929DF600D0317B /* Resources */,
				813702BB5BA3D9039970DE01 /* [CP] Embed Pods Frameworks */,
			);
			buildRules = (
			);
			dependencies = (
			);
			name = TheWeather;
			productName = TheWeather;
			productReference = EF538A9D29929DF600D0317B /* TheWeather.app */;
			productType = "com.apple.product-type.application";
		};
/* End PBXNativeTarget section */

/* Begin PBXProject section */
		EF538A9529929DF600D0317B /* Project object */ = {
			isa = PBXProject;
			attributes = {
				BuildIndependentTargetsInParallel = 1;
				LastSwiftUpdateCheck = 1420;
				LastUpgradeCheck = 1420;
				TargetAttributes = {
					EF538A9C29929DF600D0317B = {
						CreatedOnToolsVersion = 14.2;
					};
				};
			};
			buildConfigurationList = EF538A9829929DF600D0317B /* Build configuration list for PBXProject "TheWeather" */;
			compatibilityVersion = "Xcode 14.0";
			developmentRegion = en;
			hasScannedForEncodings = 0;
			knownRegions = (
				en,
				Base,
			);
			mainGroup = EF538A9429929DF600D0317B;
			productRefGroup = EF538A9E29929DF600D0317B /* Products */;
			projectDirPath = "";
			projectRoot = "";
			targets = (
				EF538A9C29929DF600D0317B /* TheWeather */,
			);
		};
/* End PBXProject section */

/* Begin PBXResourcesBuildPhase section */
		EF538A9B29929DF600D0317B /* Resources */ = {
			isa = PBXResourcesBuildPhase;
			buildActionMask = 2147483647;
			files = (
				EF538AAD29929DF700D0317B /* LaunchScreen.storyboard in Resources */,
				EF538AAA29929DF700D0317B /* Assets.xcassets in Resources */,
			);
			runOnlyForDeploymentPostprocessing = 0;
		};
/* End PBXResourcesBuildPhase section */

/* Begin PBXShellScriptBuildPhase section */
		047581AA018FDC8E8D6DEF05 /* [CP] Check Pods Manifest.lock */ = {
			isa = PBXShellScriptBuildPhase;
			buildActionMask = 2147483647;
			files = (
			);
			inputFileListPaths = (
			);
			inputPaths = (
				"${PODS_PODFILE_DIR_PATH}/Podfile.lock",
				"${PODS_ROOT}/Manifest.lock",
			);
			name = "[CP] Check Pods Manifest.lock";
			outputFileListPaths = (
			);
			outputPaths = (
				"$(DERIVED_FILE_DIR)/Pods-TheWeather-checkManifestLockResult.txt",
			);
			runOnlyForDeploymentPostprocessing = 0;
			shellPath = /bin/sh;
			shellScript = "diff \"${PODS_PODFILE_DIR_PATH}/Podfile.lock\" \"${PODS_ROOT}/Manifest.lock\" > /dev/null\nif [ $? != 0 ] ; then\n    # print error to STDERR\n    echo \"error: The sandbox is not in sync with the Podfile.lock. Run 'pod install' or update your CocoaPods installation.\" >&2\n    exit 1\nfi\n# This output is used by Xcode 'outputs' to avoid re-running this script phase.\necho \"SUCCESS\" > \"${SCRIPT_OUTPUT_FILE_0}\"\n";
			showEnvVarsInLog = 0;
		};
		813702BB5BA3D9039970DE01 /* [CP] Embed Pods Frameworks */ = {
			isa = PBXShellScriptBuildPhase;
			buildActionMask = 2147483647;
			files = (
			);
			inputFileListPaths = (
				"${PODS_ROOT}/Target Support Files/Pods-TheWeather/Pods-TheWeather-frameworks-${CONFIGURATION}-input-files.xcfilelist",
			);
			name = "[CP] Embed Pods Frameworks";
			outputFileListPaths = (
				"${PODS_ROOT}/Target Support Files/Pods-TheWeather/Pods-TheWeather-frameworks-${CONFIGURATION}-output-files.xcfilelist",
			);
			runOnlyForDeploymentPostprocessing = 0;
			shellPath = /bin/sh;
			shellScript = "\"${PODS_ROOT}/Target Support Files/Pods-TheWeather/Pods-TheWeather-frameworks.sh\"\n";
			showEnvVarsInLog = 0;
		};
/* End PBXShellScriptBuildPhase section */

/* Begin PBXSourcesBuildPhase section */
		EF538A9929929DF600D0317B /* Sources */ = {
			isa = PBXSourcesBuildPhase;
			buildActionMask = 2147483647;
			files = (
				EF7A7D952993F28400DDBE63 /* NetworkWeatherManager.swift in Sources */,
				EF538AA529929DF600D0317B /* ListTableViewController.swift in Sources */,
				EF538AB52992BE3900D0317B /* ListTableViewCell.swift in Sources */,
				EF538AA129929DF600D0317B /* AppDelegate.swift in Sources */,
				EF7A7D922993F0E900DDBE63 /* Constant.swift in Sources */,
				EF7A7D9A2993F89800DDBE63 /* TheWeatherModel.swift in Sources */,
				EF538AA329929DF600D0317B /* SceneDelegate.swift in Sources */,
				EF7A7D982993F3D600DDBE63 /* WeatherData.swift in Sources */,
				EF7A7D8E2993985600DDBE63 /* DescriptionViewController.swift in Sources */,
				EF538AC02992C18400D0317B /* UIStackVIew + ext.swift in Sources */,
				EF7A7D9C2995127B00DDBE63 /* GetCitiesWeather.swift in Sources */,
				EF538ABC2992C01200D0317B /* UILabel + ext.swift in Sources */,
			);
			runOnlyForDeploymentPostprocessing = 0;
		};
/* End PBXSourcesBuildPhase section */

/* Begin PBXVariantGroup section */
		EF538AAB29929DF700D0317B /* LaunchScreen.storyboard */ = {
			isa = PBXVariantGroup;
			children = (
				EF538AAC29929DF700D0317B /* Base */,
			);
			name = LaunchScreen.storyboard;
			sourceTree = "<group>";
		};
/* End PBXVariantGroup section */

/* Begin XCBuildConfiguration section */
		EF538AAF29929DF700D0317B /* Debug */ = {
			isa = XCBuildConfiguration;
			buildSettings = {
				ALWAYS_SEARCH_USER_PATHS = NO;
				CLANG_ANALYZER_NONNULL = YES;
				CLANG_ANALYZER_NUMBER_OBJECT_CONVERSION = YES_AGGRESSIVE;
				CLANG_CXX_LANGUAGE_STANDARD = "gnu++20";
				CLANG_ENABLE_MODULES = YES;
				CLANG_ENABLE_OBJC_ARC = YES;
				CLANG_ENABLE_OBJC_WEAK = YES;
				CLANG_WARN_BLOCK_CAPTURE_AUTORELEASING = YES;
				CLANG_WARN_BOOL_CONVERSION = YES;
				CLANG_WARN_COMMA = YES;
				CLANG_WARN_CONSTANT_CONVERSION = YES;
				CLANG_WARN_DEPRECATED_OBJC_IMPLEMENTATIONS = YES;
				CLANG_WARN_DIRECT_OBJC_ISA_USAGE = YES_ERROR;
				CLANG_WARN_DOCUMENTATION_COMMENTS = YES;
				CLANG_WARN_EMPTY_BODY = YES;
				CLANG_WARN_ENUM_CONVERSION = YES;
				CLANG_WARN_INFINITE_RECURSION = YES;
				CLANG_WARN_INT_CONVERSION = YES;
				CLANG_WARN_NON_LITERAL_NULL_CONVERSION = YES;
				CLANG_WARN_OBJC_IMPLICIT_RETAIN_SELF = YES;
				CLANG_WARN_OBJC_LITERAL_CONVERSION = YES;
				CLANG_WARN_OBJC_ROOT_CLASS = YES_ERROR;
				CLANG_WARN_QUOTED_INCLUDE_IN_FRAMEWORK_HEADER = YES;
				CLANG_WARN_RANGE_LOOP_ANALYSIS = YES;
				CLANG_WARN_STRICT_PROTOTYPES = YES;
				CLANG_WARN_SUSPICIOUS_MOVE = YES;
				CLANG_WARN_UNGUARDED_AVAILABILITY = YES_AGGRESSIVE;
				CLANG_WARN_UNREACHABLE_CODE = YES;
				CLANG_WARN__DUPLICATE_METHOD_MATCH = YES;
				COPY_PHASE_STRIP = NO;
				DEBUG_INFORMATION_FORMAT = dwarf;
				ENABLE_STRICT_OBJC_MSGSEND = YES;
				ENABLE_TESTABILITY = YES;
				GCC_C_LANGUAGE_STANDARD = gnu11;
				GCC_DYNAMIC_NO_PIC = NO;
				GCC_NO_COMMON_BLOCKS = YES;
				GCC_OPTIMIZATION_LEVEL = 0;
				GCC_PREPROCESSOR_DEFINITIONS = (
					"DEBUG=1",
					"$(inherited)",
				);
				GCC_WARN_64_TO_32_BIT_CONVERSION = YES;
				GCC_WARN_ABOUT_RETURN_TYPE = YES_ERROR;
				GCC_WARN_UNDECLARED_SELECTOR = YES;
				GCC_WARN_UNINITIALIZED_AUTOS = YES_AGGRESSIVE;
				GCC_WARN_UNUSED_FUNCTION = YES;
				GCC_WARN_UNUSED_VARIABLE = YES;
				IPHONEOS_DEPLOYMENT_TARGET = 16.2;
				MTL_ENABLE_DEBUG_INFO = INCLUDE_SOURCE;
				MTL_FAST_MATH = YES;
				ONLY_ACTIVE_ARCH = YES;
				SDKROOT = iphoneos;
				SWIFT_ACTIVE_COMPILATION_CONDITIONS = DEBUG;
				SWIFT_OPTIMIZATION_LEVEL = "-Onone";
			};
			name = Debug;
		};
		EF538AB029929DF700D0317B /* Release */ = {
			isa = XCBuildConfiguration;
			buildSettings = {
				ALWAYS_SEARCH_USER_PATHS = NO;
				CLANG_ANALYZER_NONNULL = YES;
				CLANG_ANALYZER_NUMBER_OBJECT_CONVERSION = YES_AGGRESSIVE;
				CLANG_CXX_LANGUAGE_STANDARD = "gnu++20";
				CLANG_ENABLE_MODULES = YES;
				CLANG_ENABLE_OBJC_ARC = YES;
				CLANG_ENABLE_OBJC_WEAK = YES;
				CLANG_WARN_BLOCK_CAPTURE_AUTORELEASING = YES;
				CLANG_WARN_BOOL_CONVERSION = YES;
				CLANG_WARN_COMMA = YES;
				CLANG_WARN_CONSTANT_CONVERSION = YES;
				CLANG_WARN_DEPRECATED_OBJC_IMPLEMENTATIONS = YES;
				CLANG_WARN_DIRECT_OBJC_ISA_USAGE = YES_ERROR;
				CLANG_WARN_DOCUMENTATION_COMMENTS = YES;
				CLANG_WARN_EMPTY_BODY = YES;
				CLANG_WARN_ENUM_CONVERSION = YES;
				CLANG_WARN_INFINITE_RECURSION = YES;
				CLANG_WARN_INT_CONVERSION = YES;
				CLANG_WARN_NON_LITERAL_NULL_CONVERSION = YES;
				CLANG_WARN_OBJC_IMPLICIT_RETAIN_SELF = YES;
				CLANG_WARN_OBJC_LITERAL_CONVERSION = YES;
				CLANG_WARN_OBJC_ROOT_CLASS = YES_ERROR;
				CLANG_WARN_QUOTED_INCLUDE_IN_FRAMEWORK_HEADER = YES;
				CLANG_WARN_RANGE_LOOP_ANALYSIS = YES;
				CLANG_WARN_STRICT_PROTOTYPES = YES;
				CLANG_WARN_SUSPICIOUS_MOVE = YES;
				CLANG_WARN_UNGUARDED_AVAILABILITY = YES_AGGRESSIVE;
				CLANG_WARN_UNREACHABLE_CODE = YES;
				CLANG_WARN__DUPLICATE_METHOD_MATCH = YES;
				COPY_PHASE_STRIP = NO;
				DEBUG_INFORMATION_FORMAT = "dwarf-with-dsym";
				ENABLE_NS_ASSERTIONS = NO;
				ENABLE_STRICT_OBJC_MSGSEND = YES;
				GCC_C_LANGUAGE_STANDARD = gnu11;
				GCC_NO_COMMON_BLOCKS = YES;
				GCC_WARN_64_TO_32_BIT_CONVERSION = YES;
				GCC_WARN_ABOUT_RETURN_TYPE = YES_ERROR;
				GCC_WARN_UNDECLARED_SELECTOR = YES;
				GCC_WARN_UNINITIALIZED_AUTOS = YES_AGGRESSIVE;
				GCC_WARN_UNUSED_FUNCTION = YES;
				GCC_WARN_UNUSED_VARIABLE = YES;
				IPHONEOS_DEPLOYMENT_TARGET = 16.2;
				MTL_ENABLE_DEBUG_INFO = NO;
				MTL_FAST_MATH = YES;
				SDKROOT = iphoneos;
				SWIFT_COMPILATION_MODE = wholemodule;
				SWIFT_OPTIMIZATION_LEVEL = "-O";
				VALIDATE_PRODUCT = YES;
			};
			name = Release;
		};
		EF538AB229929DF700D0317B /* Debug */ = {
			isa = XCBuildConfiguration;
			baseConfigurationReference = 1F5CB021BC313FB5DED4A0BC /* Pods-TheWeather.debug.xcconfig */;
			buildSettings = {
				ASSETCATALOG_COMPILER_APPICON_NAME = AppIcon;
				ASSETCATALOG_COMPILER_GLOBAL_ACCENT_COLOR_NAME = AccentColor;
				CODE_SIGN_STYLE = Automatic;
				CURRENT_PROJECT_VERSION = 1;
				DEVELOPMENT_TEAM = 5AXXJ74V2C;
				GENERATE_INFOPLIST_FILE = YES;
				INFOPLIST_FILE = TheWeather/SupportingFiles/Info.plist;
				INFOPLIST_KEY_UIApplicationSupportsIndirectInputEvents = YES;
				INFOPLIST_KEY_UILaunchStoryboardName = LaunchScreen;
				INFOPLIST_KEY_UISupportedInterfaceOrientations = UIInterfaceOrientationPortrait;
				INFOPLIST_KEY_UISupportedInterfaceOrientations_iPad = "UIInterfaceOrientationLandscapeLeft UIInterfaceOrientationLandscapeRight UIInterfaceOrientationPortrait UIInterfaceOrientationPortraitUpsideDown";
				IPHONEOS_DEPLOYMENT_TARGET = 13.0;
				LD_RUNPATH_SEARCH_PATHS = (
					"$(inherited)",
					"@executable_path/Frameworks",
				);
				MARKETING_VERSION = 1.0;
				PRODUCT_BUNDLE_IDENTIFIER = OA.TheWeather;
				PRODUCT_NAME = "$(TARGET_NAME)";
				SUPPORTED_PLATFORMS = "iphoneos iphonesimulator";
				SUPPORTS_MACCATALYST = NO;
				SUPPORTS_MAC_DESIGNED_FOR_IPHONE_IPAD = NO;
				SWIFT_EMIT_LOC_STRINGS = YES;
				SWIFT_VERSION = 5.0;
				TARGETED_DEVICE_FAMILY = 1;
			};
			name = Debug;
		};
		EF538AB329929DF700D0317B /* Release */ = {
			isa = XCBuildConfiguration;
			baseConfigurationReference = 325727C08FE898D8746B468E /* Pods-TheWeather.release.xcconfig */;
			buildSettings = {
				ASSETCATALOG_COMPILER_APPICON_NAME = AppIcon;
				ASSETCATALOG_COMPILER_GLOBAL_ACCENT_COLOR_NAME = AccentColor;
				CODE_SIGN_STYLE = Automatic;
				CURRENT_PROJECT_VERSION = 1;
				DEVELOPMENT_TEAM = 5AXXJ74V2C;
				GENERATE_INFOPLIST_FILE = YES;
				INFOPLIST_FILE = TheWeather/SupportingFiles/Info.plist;
				INFOPLIST_KEY_UIApplicationSupportsIndirectInputEvents = YES;
				INFOPLIST_KEY_UILaunchStoryboardName = LaunchScreen;
				INFOPLIST_KEY_UISupportedInterfaceOrientations = UIInterfaceOrientationPortrait;
				INFOPLIST_KEY_UISupportedInterfaceOrientations_iPad = "UIInterfaceOrientationLandscapeLeft UIInterfaceOrientationLandscapeRight UIInterfaceOrientationPortrait UIInterfaceOrientationPortraitUpsideDown";
				IPHONEOS_DEPLOYMENT_TARGET = 13.0;
				LD_RUNPATH_SEARCH_PATHS = (
					"$(inherited)",
					"@executable_path/Frameworks",
				);
				MARKETING_VERSION = 1.0;
				PRODUCT_BUNDLE_IDENTIFIER = OA.TheWeather;
				PRODUCT_NAME = "$(TARGET_NAME)";
				SUPPORTED_PLATFORMS = "iphoneos iphonesimulator";
				SUPPORTS_MACCATALYST = NO;
				SUPPORTS_MAC_DESIGNED_FOR_IPHONE_IPAD = NO;
				SWIFT_EMIT_LOC_STRINGS = YES;
				SWIFT_VERSION = 5.0;
				TARGETED_DEVICE_FAMILY = 1;
			};
			name = Release;
		};
/* End XCBuildConfiguration section */

/* Begin XCConfigurationList section */
		EF538A9829929DF600D0317B /* Build configuration list for PBXProject "TheWeather" */ = {
			isa = XCConfigurationList;
			buildConfigurations = (
				EF538AAF29929DF700D0317B /* Debug */,
				EF538AB029929DF700D0317B /* Release */,
			);
			defaultConfigurationIsVisible = 0;
			defaultConfigurationName = Release;
		};
		EF538AB129929DF700D0317B /* Build configuration list for PBXNativeTarget "TheWeather" */ = {
			isa = XCConfigurationList;
			buildConfigurations = (
				EF538AB229929DF700D0317B /* Debug */,
				EF538AB329929DF700D0317B /* Release */,
			);
			defaultConfigurationIsVisible = 0;
			defaultConfigurationName = Release;
		};
/* End XCConfigurationList section */
	};
	rootObject = EF538A9529929DF600D0317B /* Project object */;
}
